
Microsoft Visual Studio Solution File, Format Version 12.00
# Visual Studio Version 16
VisualStudioVersion = 16.0.31515.178
MinimumVisualStudioVersion = 10.0.40219.1
Project("{FAE04EC0-301F-11D3-BF4B-00C04F79EFBC}") = "XSYSDesafioProduto", "XSYSDesafioProduto\XSYSDesafioProduto.csproj", "{D46AEAD0-DA72-4A66-B55C-1C06721EAC90}"
EndProject
Global
	GlobalSection(SolutionConfigurationPlatforms) = preSolution
		Debug|Any CPU = Debug|Any CPU
		Release|Any CPU = Release|Any CPU
	EndGlobalSection
	GlobalSection(ProjectConfigurationPlatforms) = postSolution
		{D46AEAD0-DA72-4A66-B55C-1C06721EAC90}.Debug|Any CPU.ActiveCfg = Debug|Any CPU
		{D46AEAD0-DA72-4A66-B55C-1C06721EAC90}.Debug|Any CPU.Build.0 = Debug|Any CPU
		{D46AEAD0-DA72-4A66-B55C-1C06721EAC90}.Release|Any CPU.ActiveCfg = Release|Any CPU
		{D46AEAD0-DA72-4A66-B55C-1C06721EAC90}.Release|Any CPU.Build.0 = Release|Any CPU
	EndGlobalSection
	GlobalSection(SolutionProperties) = preSolution
		HideSolutionNode = FALSE
	EndGlobalSection
	GlobalSection(ExtensibilityGlobals) = postSolution
		SolutionGuid = {19FA89AF-C202-45E9-A66F-0A586F0CC78B}
	EndGlobalSection
EndGlobal
